
Microsoft Visual Studio Solution File, Format Version 12.00
# Visual Studio 15
VisualStudioVersion = 15.0.28010.2046
MinimumVisualStudioVersion = 10.0.40219.1
Project("{FAE04EC0-301F-11D3-BF4B-00C04F79EFBC}") = "siso", "siso\siso.csproj", "{B43801A3-082C-4544-88C7-0DD1D9923EE6}"
EndProject
Global
	GlobalSection(SolutionConfigurationPlatforms) = preSolution
		Debug|Any CPU = Debug|Any CPU
		Release|Any CPU = Release|Any CPU
	EndGlobalSection
	GlobalSection(ProjectConfigurationPlatforms) = postSolution
		{B43801A3-082C-4544-88C7-0DD1D9923EE6}.Debug|Any CPU.ActiveCfg = Debug|Any CPU
		{B43801A3-082C-4544-88C7-0DD1D9923EE6}.Debug|Any CPU.Build.0 = Debug|Any CPU
		{B43801A3-082C-4544-88C7-0DD1D9923EE6}.Release|Any CPU.ActiveCfg = Release|Any CPU
		{B43801A3-082C-4544-88C7-0DD1D9923EE6}.Release|Any CPU.Build.0 = Release|Any CPU
	EndGlobalSection
	GlobalSection(SolutionProperties) = preSolution
		HideSolutionNode = FALSE
	EndGlobalSection
	GlobalSection(ExtensibilityGlobals) = postSolution
		SolutionGuid = {E6B10AB3-F1DC-47CC-8506-4444BEF64707}
	EndGlobalSection
EndGlobal
